{
  "name": "crashy-client",
  "version": "2.0.0",
  "lockfileVersion": 2,
  "requires": true,
  "packages": {
    "": {
      "name": "crashy-client",
      "dependencies": {
        "typescript": "^4.6.1-rc"
      }
    },
    "node_modules/typescript": {
      "version": "4.6.1-rc",
      "resolved": "https://registry.npmjs.org/typescript/-/typescript-4.6.1-rc.tgz",
      "integrity": "sha512-tLPT3GelVfTN9wXPOuPKfY83PkMvgdF3V3gHK/ElNrpQPdLKQ/HMU5cS6+7epYSIF2gne190jzydAW0FLLwU7A==",
      "bin": {
        "tsc": "bin/tsc",
        "tsserver": "bin/tsserver"
      },
      "engines": {
        "node": ">=4.2.0"
      }
    }
  },
  "dependencies": {
    "typescript": {
      "version": "4.6.1-rc",
      "resolved": "https://registry.npmjs.org/typescript/-/typescript-4.6.1-rc.tgz",
      "integrity": "sha512-tLPT3GelVfTN9wXPOuPKfY83PkMvgdF3V3gHK/ElNrpQPdLKQ/HMU5cS6+7epYSIF2gne190jzydAW0FLLwU7A=="
    }
  }
}
